{
  "version": 4,
  "terraform_version": "1.1.9",
  "serial": 6,
  "lineage": "b01a08e0-2383-3554-2cbe-94fc46a47130",
  "outputs": {
    "id": {
      "value": "projects/tabsquare-805d0/topics/ggg",
      "type": "string"
    },
    "subscription_names": {
      "value": [],
      "type": [
        "tuple",
        []
      ]
    },
    "subscription_paths": {
      "value": [],
      "type": [
        "tuple",
        []
      ]
    },
    "topic": {
      "value": "ggg",
      "type": "string"
    },
    "uri": {
      "value": "pubsub.googleapis.com/projects/tabsquare-805d0/topics/ggg",
      "type": "string"
    }
  },
  "resources": [
    {
      "mode": "data",
      "type": "google_project",
      "name": "project",
      "provider": "provider[\"registry.terraform.io/hashicorp/google\"]",
      "instances": [
        {
          "schema_version": 0,
          "attributes": {
            "auto_create_network": null,
            "billing_account": "0165D8-2B0ED7-DEF3D2",
            "folder_id": "",
            "id": "projects/tabsquare-805d0",
            "labels": {
              "createdby": "searce"
            },
            "name": "Tabsquare",
            "number": "504620054624",
            "org_id": "615955038419",
            "project_id": "tabsquare-805d0",
            "skip_delete": null
          },
          "sensitive_attributes": []
        }
      ]
    },
    {
      "mode": "managed",
      "type": "google_pubsub_topic",
      "name": "topic",
      "provider": "provider[\"registry.terraform.io/hashicorp/google\"]",
      "instances": [
        {
          "index_key": 0,
          "schema_version": 0,
          "attributes": {
            "id": "projects/tabsquare-805d0/topics/ggg",
            "kms_key_name": "",
            "labels": null,
            "message_retention_duration": "",
            "message_storage_policy": [],
            "name": "ggg",
            "project": "tabsquare-805d0",
            "schema_settings": [],
            "timeouts": null
          },
          "sensitive_attributes": [],
          "private": "eyJlMmJmYjczMC1lY2FhLTExZTYtOGY4OC0zNDM2M2JjN2M0YzAiOnsiY3JlYXRlIjoxMjAwMDAwMDAwMDAwLCJkZWxldGUiOjEyMDAwMDAwMDAwMDAsInVwZGF0ZSI6MTIwMDAwMDAwMDAwMH19",
          "dependencies": [
            "google_pubsub_schema.schema"
          ]
        }
      ]
    }
  ]
}
